<?xml version="1.0" encoding="utf-8"?>
<Project ToolsVersion="4.0" xmlns="http://schemas.microsoft.com/developer/msbuild/2003">
  <ItemGroup>
    <Filter Include="소스 파일">
      <UniqueIdentifier>{4FC737F1-C7A5-4376-A066-2A32D752A2FF}</UniqueIdentifier>
      <Extensions>cpp;c;cc;cxx;def;odl;idl;hpj;bat;asm;asmx</Extensions>
    </Filter>
    <Filter Include="헤더 파일">
      <UniqueIdentifier>{93995380-89BD-4b04-88EB-625FBE52EBFB}</UniqueIdentifier>
      <Extensions>h;hh;hpp;hxx;hm;inl;inc;ipp;xsd</Extensions>
    </Filter>
    <Filter Include="리소스 파일">
      <UniqueIdentifier>{67DA6AB6-F800-4c08-8B7A-83BB121AAD01}</UniqueIdentifier>
      <Extensions>rc;ico;cur;bmp;dlg;rc2;rct;bin;rgs;gif;jpg;jpeg;jpe;resx;tiff;tif;png;wav;mfcribbon-ms</Extensions>
    </Filter>
  </ItemGroup>
  <ItemGroup>
    <ClCompile Include="hello.c">
      <Filter>소스 파일</Filter>
    </ClCompile>
    <ClCompile Include="Problem 02-1.c">
      <Filter>소스 파일</Filter>
    </ClCompile>
    <ClCompile Include="Problem 02-2.c">
      <Filter>소스 파일</Filter>
    </ClCompile>
    <ClCompile Include="Problem 03-1.c">
      <Filter>소스 파일</Filter>
    </ClCompile>
    <ClCompile Include="Problem 04-4.c">
      <Filter>소스 파일</Filter>
    </ClCompile>
    <ClCompile Include="Problem 05-1.c">
      <Filter>소스 파일</Filter>
    </ClCompile>
    <ClCompile Include="Problem 07-1.c">
      <Filter>소스 파일</Filter>
    </ClCompile>
    <ClCompile Include="Problem 07-2.c">
      <Filter>소스 파일</Filter>
    </ClCompile>
    <ClCompile Include="Problem 07-3.c">
      <Filter>소스 파일</Filter>
    </ClCompile>
    <ClCompile Include="Problem 07-4.c">
      <Filter>소스 파일</Filter>
    </ClCompile>
    <ClCompile Include="Problem 08-1.c">
      <Filter>소스 파일</Filter>
    </ClCompile>
    <ClCompile Include="Problem 08-2.c">
      <Filter>소스 파일</Filter>
    </ClCompile>
    <ClCompile Include="Problem 08-3.c">
      <Filter>소스 파일</Filter>
    </ClCompile>
    <ClCompile Include="Problem 09-1.c">
      <Filter>소스 파일</Filter>
    </ClCompile>
    <ClCompile Include="Chapter 10.c">
      <Filter>소스 파일</Filter>
    </ClCompile>
    <ClCompile Include="Problem 11-1.c">
      <Filter>소스 파일</Filter>
    </ClCompile>
    <ClCompile Include="Problem 11-2.c">
      <Filter>소스 파일</Filter>
    </ClCompile>
    <ClCompile Include="Problem 12-1.c">
      <Filter>소스 파일</Filter>
    </ClCompile>
    <ClCompile Include="Problem 13-1.c">
      <Filter>소스 파일</Filter>
    </ClCompile>
    <ClCompile Include="Problem 14-1.c">
      <Filter>소스 파일</Filter>
    </ClCompile>
    <ClCompile Include="Chapter 15.c">
      <Filter>소스 파일</Filter>
    </ClCompile>
    <ClCompile Include="Chapter 16.c">
      <Filter>소스 파일</Filter>
    </ClCompile>
    <ClCompile Include="Problem 16-1.c">
      <Filter>소스 파일</Filter>
    </ClCompile>
    <ClCompile Include="Chapter 17.c">
      <Filter>소스 파일</Filter>
    </ClCompile>
    <ClCompile Include="Chapter 18.c">
      <Filter>소스 파일</Filter>
    </ClCompile>
    <ClCompile Include="Chapter 19.c">
      <Filter>소스 파일</Filter>
    </ClCompile>
    <ClCompile Include="Problem 17-1.c">
      <Filter>소스 파일</Filter>
    </ClCompile>
    <ClCompile Include="Chapter 20.c">
      <Filter>소스 파일</Filter>
    </ClCompile>
    <ClCompile Include="Chapter 21.c">
      <Filter>소스 파일</Filter>
    </ClCompile>
    <ClCompile Include="Chapter 22.c">
      <Filter>소스 파일</Filter>
    </ClCompile>
    <ClCompile Include="Chapter 23.c">
      <Filter>소스 파일</Filter>
    </ClCompile>
    <ClCompile Include="Chapter 23 P478 StructValAndFunction.c">
      <Filter>소스 파일</Filter>
    </ClCompile>
    <ClCompile Include="Chapter 23 P479 StructMemArrCopy.c">
      <Filter>소스 파일</Filter>
    </ClCompile>
    <ClCompile Include="Chapter 23 P481 StructFunctionCallByRef.c">
      <Filter>소스 파일</Filter>
    </ClCompile>
    <ClCompile Include="Chapter 23 P482 StructOperation.c">
      <Filter>소스 파일</Filter>
    </ClCompile>
    <ClCompile Include="Chapter 23 P483 StructAddMin.c">
      <Filter>소스 파일</Filter>
    </ClCompile>
    <ClCompile Include="Chapter 23 P484 Problem23-1.c">
      <Filter>소스 파일</Filter>
    </ClCompile>
    <ClCompile Include="Chapter 23 P485 Structlmportant.c">
      <Filter>소스 파일</Filter>
    </ClCompile>
    <ClCompile Include="Chapter 23 P486 CircleincludePoint.c">
      <Filter>소스 파일</Filter>
    </ClCompile>
    <ClCompile Include="Chapter 23 P488 Problem23-2.c">
      <Filter>소스 파일</Filter>
    </ClCompile>
    <ClCompile Include="Chapter 23 P489 UnionMemAlloc.c">
      <Filter>소스 파일</Filter>
    </ClCompile>
    <ClCompile Include="Chapter 23 P490 UnionValAccess.c">
      <Filter>소스 파일</Filter>
    </ClCompile>
    <ClCompile Include="Chapter 23 P492 UsefulUnionAccess.c">
      <Filter>소스 파일</Filter>
    </ClCompile>
    <ClCompile Include="Chapter 23 P495  EnumTypeTone.c">
      <Filter>소스 파일</Filter>
    </ClCompile>
    <ClCompile Include="Chapter 24.c">
      <Filter>소스 파일</Filter>
    </ClCompile>
  </ItemGroup>
</Project>